// !$*UTF8*$!
{
	archiveVersion = 1;
	classes = {
	};
	objectVersion = 50;
	objects = {

/* Begin PBXBuildFile section */
		2397CB7E266241A00014F8BC /* AppDelegate.swift in Sources */ = {isa = PBXBuildFile; fileRef = 2397CB7D266241A00014F8BC /* AppDelegate.swift */; };
		2397CB80266241A00014F8BC /* SceneDelegate.swift in Sources */ = {isa = PBXBuildFile; fileRef = 2397CB7F266241A00014F8BC /* SceneDelegate.swift */; };
		2397CB87266241A30014F8BC /* Assets.xcassets in Resources */ = {isa = PBXBuildFile; fileRef = 2397CB86266241A30014F8BC /* Assets.xcassets */; };
		2397CB8A266241A30014F8BC /* LaunchScreen.storyboard in Resources */ = {isa = PBXBuildFile; fileRef = 2397CB88266241A30014F8BC /* LaunchScreen.storyboard */; };
		2397CB93266245740014F8BC /* FeedViewController.swift in Sources */ = {isa = PBXBuildFile; fileRef = 2397CB92266245740014F8BC /* FeedViewController.swift */; };
		2397CB952662458E0014F8BC /* FavoritesViewController.swift in Sources */ = {isa = PBXBuildFile; fileRef = 2397CB942662458E0014F8BC /* FavoritesViewController.swift */; };
		2397CB99266249BF0014F8BC /* FeedCollectionViewCell.swift in Sources */ = {isa = PBXBuildFile; fileRef = 2397CB98266249BF0014F8BC /* FeedCollectionViewCell.swift */; };
		2397CB9C26624F370014F8BC /* FavoritesTableHeaderView.swift in Sources */ = {isa = PBXBuildFile; fileRef = 2397CB9B26624F370014F8BC /* FavoritesTableHeaderView.swift */; };
		2397CBA0266373460014F8BC /* DataManager.swift in Sources */ = {isa = PBXBuildFile; fileRef = 2397CB9F266373460014F8BC /* DataManager.swift */; };
/* End PBXBuildFile section */

/* Begin PBXFileReference section */
		2397CB7A266241A00014F8BC /* Footygram.app */ = {isa = PBXFileReference; explicitFileType = wrapper.application; includeInIndex = 0; path = Footygram.app; sourceTree = BUILT_PRODUCTS_DIR; };
		2397CB7D266241A00014F8BC /* AppDelegate.swift */ = {isa = PBXFileReference; lastKnownFileType = sourcecode.swift; path = AppDelegate.swift; sourceTree = "<group>"; };
		2397CB7F266241A00014F8BC /* SceneDelegate.swift */ = {isa = PBXFileReference; lastKnownFileType = sourcecode.swift; path = SceneDelegate.swift; sourceTree = "<group>"; };
		2397CB86266241A30014F8BC /* Assets.xcassets */ = {isa = PBXFileReference; lastKnownFileType = folder.assetcatalog; path = Assets.xcassets; sourceTree = "<group>"; };
		2397CB89266241A30014F8BC /* Base */ = {isa = PBXFileReference; lastKnownFileType = file.storyboard; name = Base; path = Base.lproj/LaunchScreen.storyboard; sourceTree = "<group>"; };
		2397CB8B266241A30014F8BC /* Info.plist */ = {isa = PBXFileReference; lastKnownFileType = text.plist.xml; path = Info.plist; sourceTree = "<group>"; };
		2397CB92266245740014F8BC /* FeedViewController.swift */ = {isa = PBXFileReference; lastKnownFileType = sourcecode.swift; path = FeedViewController.swift; sourceTree = "<group>"; };
		2397CB942662458E0014F8BC /* FavoritesViewController.swift */ = {isa = PBXFileReference; lastKnownFileType = sourcecode.swift; path = FavoritesViewController.swift; sourceTree = "<group>"; };
		2397CB98266249BF0014F8BC /* FeedCollectionViewCell.swift */ = {isa = PBXFileReference; lastKnownFileType = sourcecode.swift; path = FeedCollectionViewCell.swift; sourceTree = "<group>"; };
		2397CB9B26624F370014F8BC /* FavoritesTableHeaderView.swift */ = {isa = PBXFileReference; lastKnownFileType = sourcecode.swift; path = FavoritesTableHeaderView.swift; sourceTree = "<group>"; };
		2397CB9F266373460014F8BC /* DataManager.swift */ = {isa = PBXFileReference; lastKnownFileType = sourcecode.swift; path = DataManager.swift; sourceTree = "<group>"; };
/* End PBXFileReference section */

/* Begin PBXFrameworksBuildPhase section */
		2397CB77266241A00014F8BC /* Frameworks */ = {
			isa = PBXFrameworksBuildPhase;
			buildActionMask = 2147483647;
			files = (
			);
			runOnlyForDeploymentPostprocessing = 0;
		};
/* End PBXFrameworksBuildPhase section */

/* Begin PBXGroup section */
		2397CB71266241A00014F8BC = {
			isa = PBXGroup;
			children = (
				2397CB7C266241A00014F8BC /* Footygram */,
				2397CB7B266241A00014F8BC /* Products */,
			);
			sourceTree = "<group>";
		};
		2397CB7B266241A00014F8BC /* Products */ = {
			isa = PBXGroup;
			children = (
				2397CB7A266241A00014F8BC /* Footygram.app */,
			);
			name = Products;
			sourceTree = "<group>";
		};
		2397CB7C266241A00014F8BC /* Footygram */ = {
			isa = PBXGroup;
			children = (
				2397CB9E2663733A0014F8BC /* Managers */,
				2397CB962662460A0014F8BC /* Application */,
				2397CB97266249A10014F8BC /* Cells */,
				2397CB91266245560014F8BC /* Controllers */,
				2397CB9A26624F0E0014F8BC /* Views */,
				2397CB86266241A30014F8BC /* Assets.xcassets */,
				2397CB88266241A30014F8BC /* LaunchScreen.storyboard */,
				2397CB8B266241A30014F8BC /* Info.plist */,
			);
			path = Footygram;
			sourceTree = "<group>";
		};
		2397CB91266245560014F8BC /* Controllers */ = {
			isa = PBXGroup;
			children = (
				2397CB92266245740014F8BC /* FeedViewController.swift */,
				2397CB942662458E0014F8BC /* FavoritesViewController.swift */,
			);
			path = Controllers;
			sourceTree = "<group>";
		};
		2397CB962662460A0014F8BC /* Application */ = {
			isa = PBXGroup;
			children = (
				2397CB7D266241A00014F8BC /* AppDelegate.swift */,
				2397CB7F266241A00014F8BC /* SceneDelegate.swift */,
			);
			path = Application;
			sourceTree = "<group>";
		};
		2397CB97266249A10014F8BC /* Cells */ = {
			isa = PBXGroup;
			children = (
				2397CB98266249BF0014F8BC /* FeedCollectionViewCell.swift */,
			);
			path = Cells;
			sourceTree = "<group>";
		};
		2397CB9A26624F0E0014F8BC /* Views */ = {
			isa = PBXGroup;
			children = (
				2397CB9B26624F370014F8BC /* FavoritesTableHeaderView.swift */,
			);
			path = Views;
			sourceTree = "<group>";
		};
		2397CB9E2663733A0014F8BC /* Managers */ = {
			isa = PBXGroup;
			children = (
				2397CB9F266373460014F8BC /* DataManager.swift */,
			);
			path = Managers;
			sourceTree = "<group>";
		};
/* End PBXGroup section */

/* Begin PBXNativeTarget section */
		2397CB79266241A00014F8BC /* Footygram */ = {
			isa = PBXNativeTarget;
			buildConfigurationList = 2397CB8E266241A30014F8BC /* Build configuration list for PBXNativeTarget "Footygram" */;
			buildPhases = (
				2397CB76266241A00014F8BC /* Sources */,
				2397CB77266241A00014F8BC /* Frameworks */,
				2397CB78266241A00014F8BC /* Resources */,
			);
			buildRules = (
			);
			dependencies = (
			);
			name = Footygram;
			productName = Footygram;
			productReference = 2397CB7A266241A00014F8BC /* Footygram.app */;
			productType = "com.apple.product-type.application";
		};
/* End PBXNativeTarget section */

/* Begin PBXProject section */
		2397CB72266241A00014F8BC /* Project object */ = {
			isa = PBXProject;
			attributes = {
				LastSwiftUpdateCheck = 1250;
				LastUpgradeCheck = 1250;
				TargetAttributes = {
					2397CB79266241A00014F8BC = {
						CreatedOnToolsVersion = 12.5;
					};
				};
			};
			buildConfigurationList = 2397CB75266241A00014F8BC /* Build configuration list for PBXProject "Footygram" */;
			compatibilityVersion = "Xcode 9.3";
			developmentRegion = en;
			hasScannedForEncodings = 0;
			knownRegions = (
				en,
				Base,
			);
			mainGroup = 2397CB71266241A00014F8BC;
			productRefGroup = 2397CB7B266241A00014F8BC /* Products */;
			projectDirPath = "";
			projectRoot = "";
			targets = (
				2397CB79266241A00014F8BC /* Footygram */,
			);
		};
/* End PBXProject section */

/* Begin PBXResourcesBuildPhase section */
		2397CB78266241A00014F8BC /* Resources */ = {
			isa = PBXResourcesBuildPhase;
			buildActionMask = 2147483647;
			files = (
				2397CB8A266241A30014F8BC /* LaunchScreen.storyboard in Resources */,
				2397CB87266241A30014F8BC /* Assets.xcassets in Resources */,
			);
			runOnlyForDeploymentPostprocessing = 0;
		};
/* End PBXResourcesBuildPhase section */

/* Begin PBXSourcesBuildPhase section */
		2397CB76266241A00014F8BC /* Sources */ = {
			isa = PBXSourcesBuildPhase;
			buildActionMask = 2147483647;
			files = (
				2397CB7E266241A00014F8BC /* AppDelegate.swift in Sources */,
				2397CB93266245740014F8BC /* FeedViewController.swift in Sources */,
				2397CB99266249BF0014F8BC /* FeedCollectionViewCell.swift in Sources */,
				2397CBA0266373460014F8BC /* DataManager.swift in Sources */,
				2397CB952662458E0014F8BC /* FavoritesViewController.swift in Sources */,
				2397CB9C26624F370014F8BC /* FavoritesTableHeaderView.swift in Sources */,
				2397CB80266241A00014F8BC /* SceneDelegate.swift in Sources */,
			);
			runOnlyForDeploymentPostprocessing = 0;
		};
/* End PBXSourcesBuildPhase section */

/* Begin PBXVariantGroup section */
		2397CB88266241A30014F8BC /* LaunchScreen.storyboard */ = {
			isa = PBXVariantGroup;
			children = (
				2397CB89266241A30014F8BC /* Base */,
			);
			name = LaunchScreen.storyboard;
			sourceTree = "<group>";
		};
/* End PBXVariantGroup section */

/* Begin XCBuildConfiguration section */
		2397CB8C266241A30014F8BC /* Debug */ = {
			isa = XCBuildConfiguration;
			buildSettings = {
				ALWAYS_SEARCH_USER_PATHS = NO;
				CLANG_ANALYZER_NONNULL = YES;
				CLANG_ANALYZER_NUMBER_OBJECT_CONVERSION = YES_AGGRESSIVE;
				CLANG_CXX_LANGUAGE_STANDARD = "gnu++14";
				CLANG_CXX_LIBRARY = "libc++";
				CLANG_ENABLE_MODULES = YES;
				CLANG_ENABLE_OBJC_ARC = YES;
				CLANG_ENABLE_OBJC_WEAK = YES;
				CLANG_WARN_BLOCK_CAPTURE_AUTORELEASING = YES;
				CLANG_WARN_BOOL_CONVERSION = YES;
				CLANG_WARN_COMMA = YES;
				CLANG_WARN_CONSTANT_CONVERSION = YES;
				CLANG_WARN_DEPRECATED_OBJC_IMPLEMENTATIONS = YES;
				CLANG_WARN_DIRECT_OBJC_ISA_USAGE = YES_ERROR;
				CLANG_WARN_DOCUMENTATION_COMMENTS = YES;
				CLANG_WARN_EMPTY_BODY = YES;
				CLANG_WARN_ENUM_CONVERSION = YES;
				CLANG_WARN_INFINITE_RECURSION = YES;
				CLANG_WARN_INT_CONVERSION = YES;
				CLANG_WARN_NON_LITERAL_NULL_CONVERSION = YES;
				CLANG_WARN_OBJC_IMPLICIT_RETAIN_SELF = YES;
				CLANG_WARN_OBJC_LITERAL_CONVERSION = YES;
				CLANG_WARN_OBJC_ROOT_CLASS = YES_ERROR;
				CLANG_WARN_QUOTED_INCLUDE_IN_FRAMEWORK_HEADER = YES;
				CLANG_WARN_RANGE_LOOP_ANALYSIS = YES;
				CLANG_WARN_STRICT_PROTOTYPES = YES;
				CLANG_WARN_SUSPICIOUS_MOVE = YES;
				CLANG_WARN_UNGUARDED_AVAILABILITY = YES_AGGRESSIVE;
				CLANG_WARN_UNREACHABLE_CODE = YES;
				CLANG_WARN__DUPLICATE_METHOD_MATCH = YES;
				COPY_PHASE_STRIP = NO;
				DEBUG_INFORMATION_FORMAT = dwarf;
				ENABLE_STRICT_OBJC_MSGSEND = YES;
				ENABLE_TESTABILITY = YES;
				GCC_C_LANGUAGE_STANDARD = gnu11;
				GCC_DYNAMIC_NO_PIC = NO;
				GCC_NO_COMMON_BLOCKS = YES;
				GCC_OPTIMIZATION_LEVEL = 0;
				GCC_PREPROCESSOR_DEFINITIONS = (
					"DEBUG=1",
					"$(inherited)",
				);
				GCC_WARN_64_TO_32_BIT_CONVERSION = YES;
				GCC_WARN_ABOUT_RETURN_TYPE = YES_ERROR;
				GCC_WARN_UNDECLARED_SELECTOR = YES;
				GCC_WARN_UNINITIALIZED_AUTOS = YES_AGGRESSIVE;
				GCC_WARN_UNUSED_FUNCTION = YES;
				GCC_WARN_UNUSED_VARIABLE = YES;
				IPHONEOS_DEPLOYMENT_TARGET = 13.0;
				MTL_ENABLE_DEBUG_INFO = INCLUDE_SOURCE;
				MTL_FAST_MATH = YES;
				ONLY_ACTIVE_ARCH = YES;
				SDKROOT = iphoneos;
				SWIFT_ACTIVE_COMPILATION_CONDITIONS = DEBUG;
				SWIFT_OPTIMIZATION_LEVEL = "-Onone";
			};
			name = Debug;
		};
		2397CB8D266241A30014F8BC /* Release */ = {
			isa = XCBuildConfiguration;
			buildSettings = {
				ALWAYS_SEARCH_USER_PATHS = NO;
				CLANG_ANALYZER_NONNULL = YES;
				CLANG_ANALYZER_NUMBER_OBJECT_CONVERSION = YES_AGGRESSIVE;
				CLANG_CXX_LANGUAGE_STANDARD = "gnu++14";
				CLANG_CXX_LIBRARY = "libc++";
				CLANG_ENABLE_MODULES = YES;
				CLANG_ENABLE_OBJC_ARC = YES;
				CLANG_ENABLE_OBJC_WEAK = YES;
				CLANG_WARN_BLOCK_CAPTURE_AUTORELEASING = YES;
				CLANG_WARN_BOOL_CONVERSION = YES;
				CLANG_WARN_COMMA = YES;
				CLANG_WARN_CONSTANT_CONVERSION = YES;
				CLANG_WARN_DEPRECATED_OBJC_IMPLEMENTATIONS = YES;
				CLANG_WARN_DIRECT_OBJC_ISA_USAGE = YES_ERROR;
				CLANG_WARN_DOCUMENTATION_COMMENTS = YES;
				CLANG_WARN_EMPTY_BODY = YES;
				CLANG_WARN_ENUM_CONVERSION = YES;
				CLANG_WARN_INFINITE_RECURSION = YES;
				CLANG_WARN_INT_CONVERSION = YES;
				CLANG_WARN_NON_LITERAL_NULL_CONVERSION = YES;
				CLANG_WARN_OBJC_IMPLICIT_RETAIN_SELF = YES;
				CLANG_WARN_OBJC_LITERAL_CONVERSION = YES;
				CLANG_WARN_OBJC_ROOT_CLASS = YES_ERROR;
				CLANG_WARN_QUOTED_INCLUDE_IN_FRAMEWORK_HEADER = YES;
				CLANG_WARN_RANGE_LOOP_ANALYSIS = YES;
				CLANG_WARN_STRICT_PROTOTYPES = YES;
				CLANG_WARN_SUSPICIOUS_MOVE = YES;
				CLANG_WARN_UNGUARDED_AVAILABILITY = YES_AGGRESSIVE;
				CLANG_WARN_UNREACHABLE_CODE = YES;
				CLANG_WARN__DUPLICATE_METHOD_MATCH = YES;
				COPY_PHASE_STRIP = NO;
				DEBUG_INFORMATION_FORMAT = "dwarf-with-dsym";
				ENABLE_NS_ASSERTIONS = NO;
				ENABLE_STRICT_OBJC_MSGSEND = YES;
				GCC_C_LANGUAGE_STANDARD = gnu11;
				GCC_NO_COMMON_BLOCKS = YES;
				GCC_WARN_64_TO_32_BIT_CONVERSION = YES;
				GCC_WARN_ABOUT_RETURN_TYPE = YES_ERROR;
				GCC_WARN_UNDECLARED_SELECTOR = YES;
				GCC_WARN_UNINITIALIZED_AUTOS = YES_AGGRESSIVE;
				GCC_WARN_UNUSED_FUNCTION = YES;
				GCC_WARN_UNUSED_VARIABLE = YES;
				IPHONEOS_DEPLOYMENT_TARGET = 13.0;
				MTL_ENABLE_DEBUG_INFO = NO;
				MTL_FAST_MATH = YES;
				SDKROOT = iphoneos;
				SWIFT_COMPILATION_MODE = wholemodule;
				SWIFT_OPTIMIZATION_LEVEL = "-O";
				VALIDATE_PRODUCT = YES;
			};
			name = Release;
		};
		2397CB8F266241A30014F8BC /* Debug */ = {
			isa = XCBuildConfiguration;
			buildSettings = {
				ASSETCATALOG_COMPILER_APPICON_NAME = AppIcon;
				ASSETCATALOG_COMPILER_GLOBAL_ACCENT_COLOR_NAME = AccentColor;
				CODE_SIGN_STYLE = Automatic;
				DEVELOPMENT_TEAM = RYK6GDE7V9;
				INFOPLIST_FILE = Footygram/Info.plist;
				LD_RUNPATH_SEARCH_PATHS = (
					"$(inherited)",
					"@executable_path/Frameworks",
				);
				PRODUCT_BUNDLE_IDENTIFIER = com.notenoughscience.Footygram;
				PRODUCT_NAME = "$(TARGET_NAME)";
				SWIFT_VERSION = 5.0;
				TARGETED_DEVICE_FAMILY = 1;
			};
			name = Debug;
		};
		2397CB90266241A30014F8BC /* Release */ = {
			isa = XCBuildConfiguration;
			buildSettings = {
				ASSETCATALOG_COMPILER_APPICON_NAME = AppIcon;
				ASSETCATALOG_COMPILER_GLOBAL_ACCENT_COLOR_NAME = AccentColor;
				CODE_SIGN_STYLE = Automatic;
				DEVELOPMENT_TEAM = RYK6GDE7V9;
				INFOPLIST_FILE = Footygram/Info.plist;
				LD_RUNPATH_SEARCH_PATHS = (
					"$(inherited)",
					"@executable_path/Frameworks",
				);
				PRODUCT_BUNDLE_IDENTIFIER = com.notenoughscience.Footygram;
				PRODUCT_NAME = "$(TARGET_NAME)";
				SWIFT_VERSION = 5.0;
				TARGETED_DEVICE_FAMILY = 1;
			};
			name = Release;
		};
/* End XCBuildConfiguration section */

/* Begin XCConfigurationList section */
		2397CB75266241A00014F8BC /* Build configuration list for PBXProject "Footygram" */ = {
			isa = XCConfigurationList;
			buildConfigurations = (
				2397CB8C266241A30014F8BC /* Debug */,
				2397CB8D266241A30014F8BC /* Release */,
			);
			defaultConfigurationIsVisible = 0;
			defaultConfigurationName = Release;
		};
		2397CB8E266241A30014F8BC /* Build configuration list for PBXNativeTarget "Footygram" */ = {
			isa = XCConfigurationList;
			buildConfigurations = (
				2397CB8F266241A30014F8BC /* Debug */,
				2397CB90266241A30014F8BC /* Release */,
			);
			defaultConfigurationIsVisible = 0;
			defaultConfigurationName = Release;
		};
/* End XCConfigurationList section */
	};
	rootObject = 2397CB72266241A00014F8BC /* Project object */;
}
